// !$*UTF8*$!
{
	archiveVersion = 1;
	classes = {
	};
	objectVersion = 77;
	objects = {

/* Begin PBXBuildFile section */
		8468911E2E9820E5001491BC /* FirebaseAnalytics in Frameworks */ = {isa = PBXBuildFile; productRef = 8468911D2E9820E5001491BC /* FirebaseAnalytics */; };
		846891202E9820E5001491BC /* FirebaseAnalyticsCore in Frameworks */ = {isa = PBXBuildFile; productRef = 8468911F2E9820E5001491BC /* FirebaseAnalyticsCore */; };
		846891222E9820E5001491BC /* FirebaseAnalyticsIdentitySupport in Frameworks */ = {isa = PBXBuildFile; productRef = 846891212E9820E5001491BC /* FirebaseAnalyticsIdentitySupport */; };
		846891242E9820E5001491BC /* FirebaseAppCheck in Frameworks */ = {isa = PBXBuildFile; productRef = 846891232E9820E5001491BC /* FirebaseAppCheck */; };
		846891272E9824A6001491BC /* FirebaseAuth in Frameworks */ = {isa = PBXBuildFile; productRef = 846891262E9824A6001491BC /* FirebaseAuth */; };
/* End PBXBuildFile section */

/* Begin PBXContainerItemProxy section */
		840EE7492E8A91960004D495 /* PBXContainerItemProxy */ = {
			isa = PBXContainerItemProxy;
			containerPortal = 840EE7302E8A91940004D495 /* Project object */;
			proxyType = 1;
			remoteGlobalIDString = 840EE7372E8A91940004D495;
			remoteInfo = PushLearn;
		};
		840EE7532E8A91960004D495 /* PBXContainerItemProxy */ = {
			isa = PBXContainerItemProxy;
			containerPortal = 840EE7302E8A91940004D495 /* Project object */;
			proxyType = 1;
			remoteGlobalIDString = 840EE7372E8A91940004D495;
			remoteInfo = PushLearn;
		};
/* End PBXContainerItemProxy section */

/* Begin PBXFileReference section */
		840EE7382E8A91940004D495 /* PushLearn.app */ = {isa = PBXFileReference; explicitFileType = wrapper.application; includeInIndex = 0; path = PushLearn.app; sourceTree = BUILT_PRODUCTS_DIR; };
		840EE7482E8A91960004D495 /* PushLearnTests.xctest */ = {isa = PBXFileReference; explicitFileType = wrapper.cfbundle; includeInIndex = 0; path = PushLearnTests.xctest; sourceTree = BUILT_PRODUCTS_DIR; };
		840EE7522E8A91960004D495 /* PushLearnUITests.xctest */ = {isa = PBXFileReference; explicitFileType = wrapper.cfbundle; includeInIndex = 0; path = PushLearnUITests.xctest; sourceTree = BUILT_PRODUCTS_DIR; };
/* End PBXFileReference section */

/* Begin PBXFileSystemSynchronizedRootGroup section */
		840EE73A2E8A91940004D495 /* PushLearn */ = {
			isa = PBXFileSystemSynchronizedRootGroup;
			path = PushLearn;
			sourceTree = "<group>";
		};
		840EE74B2E8A91960004D495 /* PushLearnTests */ = {
			isa = PBXFileSystemSynchronizedRootGroup;
			path = PushLearnTests;
			sourceTree = "<group>";
		};
		840EE7552E8A91960004D495 /* PushLearnUITests */ = {
			isa = PBXFileSystemSynchronizedRootGroup;
			path = PushLearnUITests;
			sourceTree = "<group>";
		};
/* End PBXFileSystemSynchronizedRootGroup section */

/* Begin PBXFrameworksBuildPhase section */
		840EE7352E8A91940004D495 /* Frameworks */ = {
			isa = PBXFrameworksBuildPhase;
			buildActionMask = 2147483647;
			files = (
				846891222E9820E5001491BC /* FirebaseAnalyticsIdentitySupport in Frameworks */,
				846891272E9824A6001491BC /* FirebaseAuth in Frameworks */,
				8468911E2E9820E5001491BC /* FirebaseAnalytics in Frameworks */,
				846891202E9820E5001491BC /* FirebaseAnalyticsCore in Frameworks */,
				846891242E9820E5001491BC /* FirebaseAppCheck in Frameworks */,
			);
			runOnlyForDeploymentPostprocessing = 0;
		};
		840EE7452E8A91960004D495 /* Frameworks */ = {
			isa = PBXFrameworksBuildPhase;
			buildActionMask = 2147483647;
			files = (
			);
			runOnlyForDeploymentPostprocessing = 0;
		};
		840EE74F2E8A91960004D495 /* Frameworks */ = {
			isa = PBXFrameworksBuildPhase;
			buildActionMask = 2147483647;
			files = (
			);
			runOnlyForDeploymentPostprocessing = 0;
		};
/* End PBXFrameworksBuildPhase section */

/* Begin PBXGroup section */
		840EE72F2E8A91940004D495 = {
			isa = PBXGroup;
			children = (
				840EE73A2E8A91940004D495 /* PushLearn */,
				840EE74B2E8A91960004D495 /* PushLearnTests */,
				840EE7552E8A91960004D495 /* PushLearnUITests */,
				846891252E9824A6001491BC /* Frameworks */,
				840EE7392E8A91940004D495 /* Products */,
			);
			sourceTree = "<group>";
		};
		840EE7392E8A91940004D495 /* Products */ = {
			isa = PBXGroup;
			children = (
				840EE7382E8A91940004D495 /* PushLearn.app */,
				840EE7482E8A91960004D495 /* PushLearnTests.xctest */,
				840EE7522E8A91960004D495 /* PushLearnUITests.xctest */,
			);
			name = Products;
			sourceTree = "<group>";
		};
		846891252E9824A6001491BC /* Frameworks */ = {
			isa = PBXGroup;
			children = (
			);
			name = Frameworks;
			sourceTree = "<group>";
		};
/* End PBXGroup section */

/* Begin PBXNativeTarget section */
		840EE7372E8A91940004D495 /* PushLearn */ = {
			isa = PBXNativeTarget;
			buildConfigurationList = 840EE75C2E8A91960004D495 /* Build configuration list for PBXNativeTarget "PushLearn" */;
			buildPhases = (
				840EE7342E8A91940004D495 /* Sources */,
				840EE7352E8A91940004D495 /* Frameworks */,
				840EE7362E8A91940004D495 /* Resources */,
			);
			buildRules = (
			);
			dependencies = (
			);
			fileSystemSynchronizedGroups = (
				840EE73A2E8A91940004D495 /* PushLearn */,
			);
			name = PushLearn;
			packageProductDependencies = (
				8468911D2E9820E5001491BC /* FirebaseAnalytics */,
				8468911F2E9820E5001491BC /* FirebaseAnalyticsCore */,
				846891212E9820E5001491BC /* FirebaseAnalyticsIdentitySupport */,
				846891232E9820E5001491BC /* FirebaseAppCheck */,
				846891262E9824A6001491BC /* FirebaseAuth */,
			);
			productName = PushLearn;
			productReference = 840EE7382E8A91940004D495 /* PushLearn.app */;
			productType = "com.apple.product-type.application";
		};
		840EE7472E8A91960004D495 /* PushLearnTests */ = {
			isa = PBXNativeTarget;
			buildConfigurationList = 840EE75F2E8A91960004D495 /* Build configuration list for PBXNativeTarget "PushLearnTests" */;
			buildPhases = (
				840EE7442E8A91960004D495 /* Sources */,
				840EE7452E8A91960004D495 /* Frameworks */,
				840EE7462E8A91960004D495 /* Resources */,
			);
			buildRules = (
			);
			dependencies = (
				840EE74A2E8A91960004D495 /* PBXTargetDependency */,
			);
			fileSystemSynchronizedGroups = (
				840EE74B2E8A91960004D495 /* PushLearnTests */,
			);
			name = PushLearnTests;
			packageProductDependencies = (
			);
			productName = PushLearnTests;
			productReference = 840EE7482E8A91960004D495 /* PushLearnTests.xctest */;
			productType = "com.apple.product-type.bundle.unit-test";
		};
		840EE7512E8A91960004D495 /* PushLearnUITests */ = {
			isa = PBXNativeTarget;
			buildConfigurationList = 840EE7622E8A91960004D495 /* Build configuration list for PBXNativeTarget "PushLearnUITests" */;
			buildPhases = (
				840EE74E2E8A91960004D495 /* Sources */,
				840EE74F2E8A91960004D495 /* Frameworks */,
				840EE7502E8A91960004D495 /* Resources */,
			);
			buildRules = (
			);
			dependencies = (
				840EE7542E8A91960004D495 /* PBXTargetDependency */,
			);
			fileSystemSynchronizedGroups = (
				840EE7552E8A91960004D495 /* PushLearnUITests */,
			);
			name = PushLearnUITests;
			packageProductDependencies = (
			);
			productName = PushLearnUITests;
			productReference = 840EE7522E8A91960004D495 /* PushLearnUITests.xctest */;
			productType = "com.apple.product-type.bundle.ui-testing";
		};
/* End PBXNativeTarget section */

/* Begin PBXProject section */
		840EE7302E8A91940004D495 /* Project object */ = {
			isa = PBXProject;
			attributes = {
				BuildIndependentTargetsInParallel = 1;
				LastSwiftUpdateCheck = 1610;
				LastUpgradeCheck = 1610;
				TargetAttributes = {
					840EE7372E8A91940004D495 = {
						CreatedOnToolsVersion = 16.1;
					};
					840EE7472E8A91960004D495 = {
						CreatedOnToolsVersion = 16.1;
						TestTargetID = 840EE7372E8A91940004D495;
					};
					840EE7512E8A91960004D495 = {
						CreatedOnToolsVersion = 16.1;
						TestTargetID = 840EE7372E8A91940004D495;
					};
				};
			};
			buildConfigurationList = 840EE7332E8A91940004D495 /* Build configuration list for PBXProject "PushLearn" */;
			developmentRegion = en;
			hasScannedForEncodings = 0;
			knownRegions = (
				en,
				Base,
			);
			mainGroup = 840EE72F2E8A91940004D495;
			minimizedProjectReferenceProxies = 1;
			packageReferences = (
				8468911A2E9820E5001491BC /* XCRemoteSwiftPackageReference "firebase-ios-sdk" */,
			);
			preferredProjectObjectVersion = 77;
			productRefGroup = 840EE7392E8A91940004D495 /* Products */;
			projectDirPath = "";
			projectRoot = "";
			targets = (
				840EE7372E8A91940004D495 /* PushLearn */,
				840EE7472E8A91960004D495 /* PushLearnTests */,
				840EE7512E8A91960004D495 /* PushLearnUITests */,
			);
		};
/* End PBXProject section */

/* Begin PBXResourcesBuildPhase section */
		840EE7362E8A91940004D495 /* Resources */ = {
			isa = PBXResourcesBuildPhase;
			buildActionMask = 2147483647;
			files = (
			);
			runOnlyForDeploymentPostprocessing = 0;
		};
		840EE7462E8A91960004D495 /* Resources */ = {
			isa = PBXResourcesBuildPhase;
			buildActionMask = 2147483647;
			files = (
			);
			runOnlyForDeploymentPostprocessing = 0;
		};
		840EE7502E8A91960004D495 /* Resources */ = {
			isa = PBXResourcesBuildPhase;
			buildActionMask = 2147483647;
			files = (
			);
			runOnlyForDeploymentPostprocessing = 0;
		};
/* End PBXResourcesBuildPhase section */

/* Begin PBXSourcesBuildPhase section */
		840EE7342E8A91940004D495 /* Sources */ = {
			isa = PBXSourcesBuildPhase;
			buildActionMask = 2147483647;
			files = (
			);
			runOnlyForDeploymentPostprocessing = 0;
		};
		840EE7442E8A91960004D495 /* Sources */ = {
			isa = PBXSourcesBuildPhase;
			buildActionMask = 2147483647;
			files = (
			);
			runOnlyForDeploymentPostprocessing = 0;
		};
		840EE74E2E8A91960004D495 /* Sources */ = {
			isa = PBXSourcesBuildPhase;
			buildActionMask = 2147483647;
			files = (
			);
			runOnlyForDeploymentPostprocessing = 0;
		};
/* End PBXSourcesBuildPhase section */

/* Begin PBXTargetDependency section */
		840EE74A2E8A91960004D495 /* PBXTargetDependency */ = {
			isa = PBXTargetDependency;
			target = 840EE7372E8A91940004D495 /* PushLearn */;
			targetProxy = 840EE7492E8A91960004D495 /* PBXContainerItemProxy */;
		};
		840EE7542E8A91960004D495 /* PBXTargetDependency */ = {
			isa = PBXTargetDependency;
			target = 840EE7372E8A91940004D495 /* PushLearn */;
			targetProxy = 840EE7532E8A91960004D495 /* PBXContainerItemProxy */;
		};
/* End PBXTargetDependency section */

/* Begin XCBuildConfiguration section */
		840EE75A2E8A91960004D495 /* Debug */ = {
			isa = XCBuildConfiguration;
			buildSettings = {
				ALWAYS_SEARCH_USER_PATHS = NO;
				ASSETCATALOG_COMPILER_GENERATE_SWIFT_ASSET_SYMBOL_EXTENSIONS = YES;
				CLANG_ANALYZER_NONNULL = YES;
				CLANG_ANALYZER_NUMBER_OBJECT_CONVERSION = YES_AGGRESSIVE;
				CLANG_CXX_LANGUAGE_STANDARD = "gnu++20";
				CLANG_ENABLE_MODULES = YES;
				CLANG_ENABLE_OBJC_ARC = YES;
				CLANG_ENABLE_OBJC_WEAK = YES;
				CLANG_WARN_BLOCK_CAPTURE_AUTORELEASING = YES;
				CLANG_WARN_BOOL_CONVERSION = YES;
				CLANG_WARN_COMMA = YES;
				CLANG_WARN_CONSTANT_CONVERSION = YES;
				CLANG_WARN_DEPRECATED_OBJC_IMPLEMENTATIONS = YES;
				CLANG_WARN_DIRECT_OBJC_ISA_USAGE = YES_ERROR;
				CLANG_WARN_DOCUMENTATION_COMMENTS = YES;
				CLANG_WARN_EMPTY_BODY = YES;
				CLANG_WARN_ENUM_CONVERSION = YES;
				CLANG_WARN_INFINITE_RECURSION = YES;
				CLANG_WARN_INT_CONVERSION = YES;
				CLANG_WARN_NON_LITERAL_NULL_CONVERSION = YES;
				CLANG_WARN_OBJC_IMPLICIT_RETAIN_SELF = YES;
				CLANG_WARN_OBJC_LITERAL_CONVERSION = YES;
				CLANG_WARN_OBJC_ROOT_CLASS = YES_ERROR;
				CLANG_WARN_QUOTED_INCLUDE_IN_FRAMEWORK_HEADER = YES;
				CLANG_WARN_RANGE_LOOP_ANALYSIS = YES;
				CLANG_WARN_STRICT_PROTOTYPES = YES;
				CLANG_WARN_SUSPICIOUS_MOVE = YES;
				CLANG_WARN_UNGUARDED_AVAILABILITY = YES_AGGRESSIVE;
				CLANG_WARN_UNREACHABLE_CODE = YES;
				CLANG_WARN__DUPLICATE_METHOD_MATCH = YES;
				COPY_PHASE_STRIP = NO;
				DEBUG_INFORMATION_FORMAT = dwarf;
				ENABLE_STRICT_OBJC_MSGSEND = YES;
				ENABLE_TESTABILITY = YES;
				ENABLE_USER_SCRIPT_SANDBOXING = YES;
				GCC_C_LANGUAGE_STANDARD = gnu17;
				GCC_DYNAMIC_NO_PIC = NO;
				GCC_NO_COMMON_BLOCKS = YES;
				GCC_OPTIMIZATION_LEVEL = 0;
				GCC_PREPROCESSOR_DEFINITIONS = (
					"DEBUG=1",
					"$(inherited)",
				);
				GCC_WARN_64_TO_32_BIT_CONVERSION = YES;
				GCC_WARN_ABOUT_RETURN_TYPE = YES_ERROR;
				GCC_WARN_UNDECLARED_SELECTOR = YES;
				GCC_WARN_UNINITIALIZED_AUTOS = YES_AGGRESSIVE;
				GCC_WARN_UNUSED_FUNCTION = YES;
				GCC_WARN_UNUSED_VARIABLE = YES;
				IPHONEOS_DEPLOYMENT_TARGET = 18.1;
				LOCALIZATION_PREFERS_STRING_CATALOGS = YES;
				MTL_ENABLE_DEBUG_INFO = INCLUDE_SOURCE;
				MTL_FAST_MATH = YES;
				ONLY_ACTIVE_ARCH = YES;
				SDKROOT = iphoneos;
				SWIFT_ACTIVE_COMPILATION_CONDITIONS = "DEBUG $(inherited)";
				SWIFT_OPTIMIZATION_LEVEL = "-Onone";
			};
			name = Debug;
		};
		840EE75B2E8A91960004D495 /* Release */ = {
			isa = XCBuildConfiguration;
			buildSettings = {
				ALWAYS_SEARCH_USER_PATHS = NO;
				ASSETCATALOG_COMPILER_GENERATE_SWIFT_ASSET_SYMBOL_EXTENSIONS = YES;
				CLANG_ANALYZER_NONNULL = YES;
				CLANG_ANALYZER_NUMBER_OBJECT_CONVERSION = YES_AGGRESSIVE;
				CLANG_CXX_LANGUAGE_STANDARD = "gnu++20";
				CLANG_ENABLE_MODULES = YES;
				CLANG_ENABLE_OBJC_ARC = YES;
				CLANG_ENABLE_OBJC_WEAK = YES;
				CLANG_WARN_BLOCK_CAPTURE_AUTORELEASING = YES;
				CLANG_WARN_BOOL_CONVERSION = YES;
				CLANG_WARN_COMMA = YES;
				CLANG_WARN_CONSTANT_CONVERSION = YES;
				CLANG_WARN_DEPRECATED_OBJC_IMPLEMENTATIONS = YES;
				CLANG_WARN_DIRECT_OBJC_ISA_USAGE = YES_ERROR;
				CLANG_WARN_DOCUMENTATION_COMMENTS = YES;
				CLANG_WARN_EMPTY_BODY = YES;
				CLANG_WARN_ENUM_CONVERSION = YES;
				CLANG_WARN_INFINITE_RECURSION = YES;
				CLANG_WARN_INT_CONVERSION = YES;
				CLANG_WARN_NON_LITERAL_NULL_CONVERSION = YES;
				CLANG_WARN_OBJC_IMPLICIT_RETAIN_SELF = YES;
				CLANG_WARN_OBJC_LITERAL_CONVERSION = YES;
				CLANG_WARN_OBJC_ROOT_CLASS = YES_ERROR;
				CLANG_WARN_QUOTED_INCLUDE_IN_FRAMEWORK_HEADER = YES;
				CLANG_WARN_RANGE_LOOP_ANALYSIS = YES;
				CLANG_WARN_STRICT_PROTOTYPES = YES;
				CLANG_WARN_SUSPICIOUS_MOVE = YES;
				CLANG_WARN_UNGUARDED_AVAILABILITY = YES_AGGRESSIVE;
				CLANG_WARN_UNREACHABLE_CODE = YES;
				CLANG_WARN__DUPLICATE_METHOD_MATCH = YES;
				COPY_PHASE_STRIP = NO;
				DEBUG_INFORMATION_FORMAT = "dwarf-with-dsym";
				ENABLE_NS_ASSERTIONS = NO;
				ENABLE_STRICT_OBJC_MSGSEND = YES;
				ENABLE_USER_SCRIPT_SANDBOXING = YES;
				GCC_C_LANGUAGE_STANDARD = gnu17;
				GCC_NO_COMMON_BLOCKS = YES;
				GCC_WARN_64_TO_32_BIT_CONVERSION = YES;
				GCC_WARN_ABOUT_RETURN_TYPE = YES_ERROR;
				GCC_WARN_UNDECLARED_SELECTOR = YES;
				GCC_WARN_UNINITIALIZED_AUTOS = YES_AGGRESSIVE;
				GCC_WARN_UNUSED_FUNCTION = YES;
				GCC_WARN_UNUSED_VARIABLE = YES;
				IPHONEOS_DEPLOYMENT_TARGET = 18.1;
				LOCALIZATION_PREFERS_STRING_CATALOGS = YES;
				MTL_ENABLE_DEBUG_INFO = NO;
				MTL_FAST_MATH = YES;
				SDKROOT = iphoneos;
				SWIFT_COMPILATION_MODE = wholemodule;
				VALIDATE_PRODUCT = YES;
			};
			name = Release;
		};
		840EE75D2E8A91960004D495 /* Debug */ = {
			isa = XCBuildConfiguration;
			buildSettings = {
				ASSETCATALOG_COMPILER_APPICON_NAME = AppIcon;
				ASSETCATALOG_COMPILER_GLOBAL_ACCENT_COLOR_NAME = AccentColor;
				CODE_SIGN_STYLE = Automatic;
				CURRENT_PROJECT_VERSION = 1;
				DEVELOPMENT_ASSET_PATHS = "\"PushLearn/Preview Content\"";
				DEVELOPMENT_TEAM = Q3ZBJKTDC2;
				ENABLE_PREVIEWS = YES;
				GENERATE_INFOPLIST_FILE = YES;
				INFOPLIST_KEY_LSApplicationCategoryType = "public.app-category.education";
				INFOPLIST_KEY_UIApplicationSceneManifest_Generation = YES;
				INFOPLIST_KEY_UIApplicationSupportsIndirectInputEvents = YES;
				INFOPLIST_KEY_UILaunchScreen_Generation = YES;
				INFOPLIST_KEY_UISupportedInterfaceOrientations = UIInterfaceOrientationPortrait;
				INFOPLIST_KEY_UISupportedInterfaceOrientations_iPad = "UIInterfaceOrientationLandscapeLeft UIInterfaceOrientationLandscapeRight UIInterfaceOrientationPortrait UIInterfaceOrientationPortraitUpsideDown";
				IPHONEOS_DEPLOYMENT_TARGET = 17.0;
				LD_RUNPATH_SEARCH_PATHS = (
					"$(inherited)",
					"@executable_path/Frameworks",
				);
				MARKETING_VERSION = 1.0;
				PRODUCT_BUNDLE_IDENTIFIER = com.mxtp.PushLearn;
				PRODUCT_NAME = "$(TARGET_NAME)";
				SUPPORTED_PLATFORMS = "iphoneos iphonesimulator";
				SUPPORTS_MACCATALYST = NO;
				SUPPORTS_MAC_DESIGNED_FOR_IPHONE_IPAD = NO;
				SUPPORTS_XR_DESIGNED_FOR_IPHONE_IPAD = NO;
				SWIFT_EMIT_LOC_STRINGS = YES;
				SWIFT_VERSION = 5.0;
				TARGETED_DEVICE_FAMILY = 1;
			};
			name = Debug;
		};
		840EE75E2E8A91960004D495 /* Release */ = {
			isa = XCBuildConfiguration;
			buildSettings = {
				ASSETCATALOG_COMPILER_APPICON_NAME = AppIcon;
				ASSETCATALOG_COMPILER_GLOBAL_ACCENT_COLOR_NAME = AccentColor;
				CODE_SIGN_STYLE = Automatic;
				CURRENT_PROJECT_VERSION = 1;
				DEVELOPMENT_ASSET_PATHS = "\"PushLearn/Preview Content\"";
				DEVELOPMENT_TEAM = Q3ZBJKTDC2;
				ENABLE_PREVIEWS = YES;
				GENERATE_INFOPLIST_FILE = YES;
				INFOPLIST_KEY_LSApplicationCategoryType = "public.app-category.education";
				INFOPLIST_KEY_UIApplicationSceneManifest_Generation = YES;
				INFOPLIST_KEY_UIApplicationSupportsIndirectInputEvents = YES;
				INFOPLIST_KEY_UILaunchScreen_Generation = YES;
				INFOPLIST_KEY_UISupportedInterfaceOrientations = UIInterfaceOrientationPortrait;
				INFOPLIST_KEY_UISupportedInterfaceOrientations_iPad = "UIInterfaceOrientationLandscapeLeft UIInterfaceOrientationLandscapeRight UIInterfaceOrientationPortrait UIInterfaceOrientationPortraitUpsideDown";
				IPHONEOS_DEPLOYMENT_TARGET = 17.0;
				LD_RUNPATH_SEARCH_PATHS = (
					"$(inherited)",
					"@executable_path/Frameworks",
				);
				MARKETING_VERSION = 1.0;
				PRODUCT_BUNDLE_IDENTIFIER = com.mxtp.PushLearn;
				PRODUCT_NAME = "$(TARGET_NAME)";
				SUPPORTED_PLATFORMS = "iphoneos iphonesimulator";
				SUPPORTS_MACCATALYST = NO;
				SUPPORTS_MAC_DESIGNED_FOR_IPHONE_IPAD = NO;
				SUPPORTS_XR_DESIGNED_FOR_IPHONE_IPAD = NO;
				SWIFT_EMIT_LOC_STRINGS = YES;
				SWIFT_VERSION = 5.0;
				TARGETED_DEVICE_FAMILY = 1;
			};
			name = Release;
		};
		840EE7602E8A91960004D495 /* Debug */ = {
			isa = XCBuildConfiguration;
			buildSettings = {
				BUNDLE_LOADER = "$(TEST_HOST)";
				CODE_SIGN_STYLE = Automatic;
				CURRENT_PROJECT_VERSION = 1;
				DEVELOPMENT_TEAM = Q3ZBJKTDC2;
				GENERATE_INFOPLIST_FILE = YES;
				IPHONEOS_DEPLOYMENT_TARGET = 18.1;
				MARKETING_VERSION = 1.0;
				PRODUCT_BUNDLE_IDENTIFIER = com.mxtp.PushLearnTests;
				PRODUCT_NAME = "$(TARGET_NAME)";
				SWIFT_EMIT_LOC_STRINGS = NO;
				SWIFT_VERSION = 5.0;
				TARGETED_DEVICE_FAMILY = "1,2";
				TEST_HOST = "$(BUILT_PRODUCTS_DIR)/PushLearn.app/$(BUNDLE_EXECUTABLE_FOLDER_PATH)/PushLearn";
			};
			name = Debug;
		};
		840EE7612E8A91960004D495 /* Release */ = {
			isa = XCBuildConfiguration;
			buildSettings = {
				BUNDLE_LOADER = "$(TEST_HOST)";
				CODE_SIGN_STYLE = Automatic;
				CURRENT_PROJECT_VERSION = 1;
				DEVELOPMENT_TEAM = Q3ZBJKTDC2;
				GENERATE_INFOPLIST_FILE = YES;
				IPHONEOS_DEPLOYMENT_TARGET = 18.1;
				MARKETING_VERSION = 1.0;
				PRODUCT_BUNDLE_IDENTIFIER = com.mxtp.PushLearnTests;
				PRODUCT_NAME = "$(TARGET_NAME)";
				SWIFT_EMIT_LOC_STRINGS = NO;
				SWIFT_VERSION = 5.0;
				TARGETED_DEVICE_FAMILY = "1,2";
				TEST_HOST = "$(BUILT_PRODUCTS_DIR)/PushLearn.app/$(BUNDLE_EXECUTABLE_FOLDER_PATH)/PushLearn";
			};
			name = Release;
		};
		840EE7632E8A91960004D495 /* Debug */ = {
			isa = XCBuildConfiguration;
			buildSettings = {
				CODE_SIGN_STYLE = Automatic;
				CURRENT_PROJECT_VERSION = 1;
				DEVELOPMENT_TEAM = Q3ZBJKTDC2;
				GENERATE_INFOPLIST_FILE = YES;
				MARKETING_VERSION = 1.0;
				PRODUCT_BUNDLE_IDENTIFIER = com.mxtp.PushLearnUITests;
				PRODUCT_NAME = "$(TARGET_NAME)";
				SWIFT_EMIT_LOC_STRINGS = NO;
				SWIFT_VERSION = 5.0;
				TARGETED_DEVICE_FAMILY = "1,2";
				TEST_TARGET_NAME = PushLearn;
			};
			name = Debug;
		};
		840EE7642E8A91960004D495 /* Release */ = {
			isa = XCBuildConfiguration;
			buildSettings = {
				CODE_SIGN_STYLE = Automatic;
				CURRENT_PROJECT_VERSION = 1;
				DEVELOPMENT_TEAM = Q3ZBJKTDC2;
				GENERATE_INFOPLIST_FILE = YES;
				MARKETING_VERSION = 1.0;
				PRODUCT_BUNDLE_IDENTIFIER = com.mxtp.PushLearnUITests;
				PRODUCT_NAME = "$(TARGET_NAME)";
				SWIFT_EMIT_LOC_STRINGS = NO;
				SWIFT_VERSION = 5.0;
				TARGETED_DEVICE_FAMILY = "1,2";
				TEST_TARGET_NAME = PushLearn;
			};
			name = Release;
		};
/* End XCBuildConfiguration section */

/* Begin XCConfigurationList section */
		840EE7332E8A91940004D495 /* Build configuration list for PBXProject "PushLearn" */ = {
			isa = XCConfigurationList;
			buildConfigurations = (
				840EE75A2E8A91960004D495 /* Debug */,
				840EE75B2E8A91960004D495 /* Release */,
			);
			defaultConfigurationIsVisible = 0;
			defaultConfigurationName = Release;
		};
		840EE75C2E8A91960004D495 /* Build configuration list for PBXNativeTarget "PushLearn" */ = {
			isa = XCConfigurationList;
			buildConfigurations = (
				840EE75D2E8A91960004D495 /* Debug */,
				840EE75E2E8A91960004D495 /* Release */,
			);
			defaultConfigurationIsVisible = 0;
			defaultConfigurationName = Release;
		};
		840EE75F2E8A91960004D495 /* Build configuration list for PBXNativeTarget "PushLearnTests" */ = {
			isa = XCConfigurationList;
			buildConfigurations = (
				840EE7602E8A91960004D495 /* Debug */,
				840EE7612E8A91960004D495 /* Release */,
			);
			defaultConfigurationIsVisible = 0;
			defaultConfigurationName = Release;
		};
		840EE7622E8A91960004D495 /* Build configuration list for PBXNativeTarget "PushLearnUITests" */ = {
			isa = XCConfigurationList;
			buildConfigurations = (
				840EE7632E8A91960004D495 /* Debug */,
				840EE7642E8A91960004D495 /* Release */,
			);
			defaultConfigurationIsVisible = 0;
			defaultConfigurationName = Release;
		};
/* End XCConfigurationList section */

/* Begin XCRemoteSwiftPackageReference section */
		8468911A2E9820E5001491BC /* XCRemoteSwiftPackageReference "firebase-ios-sdk" */ = {
			isa = XCRemoteSwiftPackageReference;
			repositoryURL = "https://github.com/firebase/firebase-ios-sdk";
			requirement = {
				kind = upToNextMajorVersion;
				minimumVersion = 12.4.0;
			};
		};
/* End XCRemoteSwiftPackageReference section */

/* Begin XCSwiftPackageProductDependency section */
		8468911D2E9820E5001491BC /* FirebaseAnalytics */ = {
			isa = XCSwiftPackageProductDependency;
			package = 8468911A2E9820E5001491BC /* XCRemoteSwiftPackageReference "firebase-ios-sdk" */;
			productName = FirebaseAnalytics;
		};
		8468911F2E9820E5001491BC /* FirebaseAnalyticsCore */ = {
			isa = XCSwiftPackageProductDependency;
			package = 8468911A2E9820E5001491BC /* XCRemoteSwiftPackageReference "firebase-ios-sdk" */;
			productName = FirebaseAnalyticsCore;
		};
		846891212E9820E5001491BC /* FirebaseAnalyticsIdentitySupport */ = {
			isa = XCSwiftPackageProductDependency;
			package = 8468911A2E9820E5001491BC /* XCRemoteSwiftPackageReference "firebase-ios-sdk" */;
			productName = FirebaseAnalyticsIdentitySupport;
		};
		846891232E9820E5001491BC /* FirebaseAppCheck */ = {
			isa = XCSwiftPackageProductDependency;
			package = 8468911A2E9820E5001491BC /* XCRemoteSwiftPackageReference "firebase-ios-sdk" */;
			productName = FirebaseAppCheck;
		};
		846891262E9824A6001491BC /* FirebaseAuth */ = {
			isa = XCSwiftPackageProductDependency;
			package = 8468911A2E9820E5001491BC /* XCRemoteSwiftPackageReference "firebase-ios-sdk" */;
			productName = FirebaseAuth;
		};
/* End XCSwiftPackageProductDependency section */
	};
	rootObject = 840EE7302E8A91940004D495 /* Project object */;
}
