// !$*UTF8*$!
{
	archiveVersion = 1;
	classes = {
	};
	objectVersion = 77;
	objects = {

/* Begin PBXBuildFile section */
		844C0BBF2F2B828400D292EF /* README.md in Resources */ = {isa = PBXBuildFile; fileRef = 844C0BBE2F2B828400D292EF /* README.md */; };
		846AD63D2EC3833D002652C6 /* FirebaseAuth in Frameworks */ = {isa = PBXBuildFile; productRef = 846AD63C2EC3833D002652C6 /* FirebaseAuth */; };
		846AD63F2EC3833D002652C6 /* FirebaseCore in Frameworks */ = {isa = PBXBuildFile; productRef = 846AD63E2EC3833D002652C6 /* FirebaseCore */; };
		846AD6412EC3833D002652C6 /* FirebaseDatabase in Frameworks */ = {isa = PBXBuildFile; productRef = 846AD6402EC3833D002652C6 /* FirebaseDatabase */; };
		846AD6432EC3833D002652C6 /* FirebaseFirestore in Frameworks */ = {isa = PBXBuildFile; productRef = 846AD6422EC3833D002652C6 /* FirebaseFirestore */; };
		84BFB2982F2CE5B200E42D21 /* LICENSE.txt in Resources */ = {isa = PBXBuildFile; fileRef = 84BFB2972F2CE5B200E42D21 /* LICENSE.txt */; };
/* End PBXBuildFile section */

/* Begin PBXContainerItemProxy section */
		843CCE922F600C8A00DBCA54 /* PBXContainerItemProxy */ = {
			isa = PBXContainerItemProxy;
			containerPortal = 840EE7302E8A91940004D495 /* Project object */;
			proxyType = 1;
			remoteGlobalIDString = 840EE7372E8A91940004D495;
			remoteInfo = PushLearn;
		};
/* End PBXContainerItemProxy section */

/* Begin PBXCopyFilesBuildPhase section */
		84F8BC832EF48B0B00985A57 /* Embed Frameworks */ = {
			isa = PBXCopyFilesBuildPhase;
			buildActionMask = 2147483647;
			dstPath = "";
			dstSubfolderSpec = 10;
			files = (
			);
			name = "Embed Frameworks";
			runOnlyForDeploymentPostprocessing = 0;
		};
/* End PBXCopyFilesBuildPhase section */

/* Begin PBXFileReference section */
		840EE7382E8A91940004D495 /* PushLearn.app */ = {isa = PBXFileReference; explicitFileType = wrapper.application; includeInIndex = 0; path = PushLearn.app; sourceTree = BUILT_PRODUCTS_DIR; };
		843CCE8E2F600C8A00DBCA54 /* PushLearnTests.xctest */ = {isa = PBXFileReference; explicitFileType = wrapper.cfbundle; includeInIndex = 0; path = PushLearnTests.xctest; sourceTree = BUILT_PRODUCTS_DIR; };
		844C0BBE2F2B828400D292EF /* README.md */ = {isa = PBXFileReference; lastKnownFileType = net.daringfireball.markdown; path = README.md; sourceTree = "<group>"; };
		84BFB2972F2CE5B200E42D21 /* LICENSE.txt */ = {isa = PBXFileReference; lastKnownFileType = text; path = LICENSE.txt; sourceTree = "<group>"; };
/* End PBXFileReference section */

/* Begin PBXFileSystemSynchronizedRootGroup section */
		840EE73A2E8A91940004D495 /* PushLearn */ = {
			isa = PBXFileSystemSynchronizedRootGroup;
			path = PushLearn;
			sourceTree = "<group>";
		};
		843CCE8F2F600C8A00DBCA54 /* PushLearnTests */ = {
			isa = PBXFileSystemSynchronizedRootGroup;
			path = PushLearnTests;
			sourceTree = "<group>";
		};
		844C0BC02F2B8AFA00D292EF /* Assets */ = {
			isa = PBXFileSystemSynchronizedRootGroup;
			path = Assets;
			sourceTree = "<group>";
		};
/* End PBXFileSystemSynchronizedRootGroup section */

/* Begin PBXFrameworksBuildPhase section */
		840EE7352E8A91940004D495 /* Frameworks */ = {
			isa = PBXFrameworksBuildPhase;
			buildActionMask = 2147483647;
			files = (
				846AD6412EC3833D002652C6 /* FirebaseDatabase in Frameworks */,
				846AD6432EC3833D002652C6 /* FirebaseFirestore in Frameworks */,
				846AD63F2EC3833D002652C6 /* FirebaseCore in Frameworks */,
				846AD63D2EC3833D002652C6 /* FirebaseAuth in Frameworks */,
			);
			runOnlyForDeploymentPostprocessing = 0;
		};
		843CCE8B2F600C8A00DBCA54 /* Frameworks */ = {
			isa = PBXFrameworksBuildPhase;
			buildActionMask = 2147483647;
			files = (
			);
			runOnlyForDeploymentPostprocessing = 0;
		};
/* End PBXFrameworksBuildPhase section */

/* Begin PBXGroup section */
		840EE72F2E8A91940004D495 = {
			isa = PBXGroup;
			children = (
				84BFB2972F2CE5B200E42D21 /* LICENSE.txt */,
				844C0BC02F2B8AFA00D292EF /* Assets */,
				844C0BBE2F2B828400D292EF /* README.md */,
				840EE73A2E8A91940004D495 /* PushLearn */,
				843CCE8F2F600C8A00DBCA54 /* PushLearnTests */,
				846891252E9824A6001491BC /* Frameworks */,
				840EE7392E8A91940004D495 /* Products */,
			);
			sourceTree = "<group>";
		};
		840EE7392E8A91940004D495 /* Products */ = {
			isa = PBXGroup;
			children = (
				840EE7382E8A91940004D495 /* PushLearn.app */,
				843CCE8E2F600C8A00DBCA54 /* PushLearnTests.xctest */,
			);
			name = Products;
			sourceTree = "<group>";
		};
		846891252E9824A6001491BC /* Frameworks */ = {
			isa = PBXGroup;
			children = (
			);
			name = Frameworks;
			sourceTree = "<group>";
		};
/* End PBXGroup section */

/* Begin PBXNativeTarget section */
		840EE7372E8A91940004D495 /* PushLearn */ = {
			isa = PBXNativeTarget;
			buildConfigurationList = 840EE75C2E8A91960004D495 /* Build configuration list for PBXNativeTarget "PushLearn" */;
			buildPhases = (
				840EE7342E8A91940004D495 /* Sources */,
				840EE7352E8A91940004D495 /* Frameworks */,
				840EE7362E8A91940004D495 /* Resources */,
				84F8BC832EF48B0B00985A57 /* Embed Frameworks */,
			);
			buildRules = (
			);
			dependencies = (
			);
			fileSystemSynchronizedGroups = (
				840EE73A2E8A91940004D495 /* PushLearn */,
				844C0BC02F2B8AFA00D292EF /* Assets */,
			);
			name = PushLearn;
			packageProductDependencies = (
				846AD63C2EC3833D002652C6 /* FirebaseAuth */,
				846AD63E2EC3833D002652C6 /* FirebaseCore */,
				846AD6402EC3833D002652C6 /* FirebaseDatabase */,
				846AD6422EC3833D002652C6 /* FirebaseFirestore */,
			);
			productName = PushLearn;
			productReference = 840EE7382E8A91940004D495 /* PushLearn.app */;
			productType = "com.apple.product-type.application";
		};
		843CCE8D2F600C8A00DBCA54 /* PushLearnTests */ = {
			isa = PBXNativeTarget;
			buildConfigurationList = 843CCE942F600C8A00DBCA54 /* Build configuration list for PBXNativeTarget "PushLearnTests" */;
			buildPhases = (
				843CCE8A2F600C8A00DBCA54 /* Sources */,
				843CCE8B2F600C8A00DBCA54 /* Frameworks */,
				843CCE8C2F600C8A00DBCA54 /* Resources */,
			);
			buildRules = (
			);
			dependencies = (
				843CCE932F600C8A00DBCA54 /* PBXTargetDependency */,
			);
			fileSystemSynchronizedGroups = (
				843CCE8F2F600C8A00DBCA54 /* PushLearnTests */,
			);
			name = PushLearnTests;
			packageProductDependencies = (
			);
			productName = PushLearnTests;
			productReference = 843CCE8E2F600C8A00DBCA54 /* PushLearnTests.xctest */;
			productType = "com.apple.product-type.bundle.unit-test";
		};
/* End PBXNativeTarget section */

/* Begin PBXProject section */
		840EE7302E8A91940004D495 /* Project object */ = {
			isa = PBXProject;
			attributes = {
				BuildIndependentTargetsInParallel = 1;
				LastSwiftUpdateCheck = 1610;
				LastUpgradeCheck = 1610;
				TargetAttributes = {
					840EE7372E8A91940004D495 = {
						CreatedOnToolsVersion = 16.1;
					};
					843CCE8D2F600C8A00DBCA54 = {
						CreatedOnToolsVersion = 16.1;
						LastSwiftMigration = 1610;
						TestTargetID = 840EE7372E8A91940004D495;
					};
				};
			};
			buildConfigurationList = 840EE7332E8A91940004D495 /* Build configuration list for PBXProject "PushLearn" */;
			developmentRegion = uk;
			hasScannedForEncodings = 0;
			knownRegions = (
				fr,
				Base,
				en,
				uk,
				de,
				es,
			);
			mainGroup = 840EE72F2E8A91940004D495;
			minimizedProjectReferenceProxies = 1;
			packageReferences = (
				846AD63B2EC3833D002652C6 /* XCRemoteSwiftPackageReference "firebase-ios-sdk" */,
			);
			preferredProjectObjectVersion = 77;
			productRefGroup = 840EE7392E8A91940004D495 /* Products */;
			projectDirPath = "";
			projectRoot = "";
			targets = (
				840EE7372E8A91940004D495 /* PushLearn */,
				843CCE8D2F600C8A00DBCA54 /* PushLearnTests */,
			);
		};
/* End PBXProject section */

/* Begin PBXResourcesBuildPhase section */
		840EE7362E8A91940004D495 /* Resources */ = {
			isa = PBXResourcesBuildPhase;
			buildActionMask = 2147483647;
			files = (
				84BFB2982F2CE5B200E42D21 /* LICENSE.txt in Resources */,
				844C0BBF2F2B828400D292EF /* README.md in Resources */,
			);
			runOnlyForDeploymentPostprocessing = 0;
		};
		843CCE8C2F600C8A00DBCA54 /* Resources */ = {
			isa = PBXResourcesBuildPhase;
			buildActionMask = 2147483647;
			files = (
			);
			runOnlyForDeploymentPostprocessing = 0;
		};
/* End PBXResourcesBuildPhase section */

/* Begin PBXSourcesBuildPhase section */
		840EE7342E8A91940004D495 /* Sources */ = {
			isa = PBXSourcesBuildPhase;
			buildActionMask = 2147483647;
			files = (
			);
			runOnlyForDeploymentPostprocessing = 0;
		};
		843CCE8A2F600C8A00DBCA54 /* Sources */ = {
			isa = PBXSourcesBuildPhase;
			buildActionMask = 2147483647;
			files = (
			);
			runOnlyForDeploymentPostprocessing = 0;
		};
/* End PBXSourcesBuildPhase section */

/* Begin PBXTargetDependency section */
		843CCE932F600C8A00DBCA54 /* PBXTargetDependency */ = {
			isa = PBXTargetDependency;
			target = 840EE7372E8A91940004D495 /* PushLearn */;
			targetProxy = 843CCE922F600C8A00DBCA54 /* PBXContainerItemProxy */;
		};
/* End PBXTargetDependency section */

/* Begin XCBuildConfiguration section */
		840EE75A2E8A91960004D495 /* Debug */ = {
			isa = XCBuildConfiguration;
			buildSettings = {
				ALWAYS_SEARCH_USER_PATHS = NO;
				ASSETCATALOG_COMPILER_GENERATE_SWIFT_ASSET_SYMBOL_EXTENSIONS = YES;
				CLANG_ANALYZER_NONNULL = YES;
				CLANG_ANALYZER_NUMBER_OBJECT_CONVERSION = YES_AGGRESSIVE;
				CLANG_CXX_LANGUAGE_STANDARD = "gnu++20";
				CLANG_ENABLE_MODULES = YES;
				CLANG_ENABLE_OBJC_ARC = YES;
				CLANG_ENABLE_OBJC_WEAK = YES;
				CLANG_WARN_BLOCK_CAPTURE_AUTORELEASING = YES;
				CLANG_WARN_BOOL_CONVERSION = YES;
				CLANG_WARN_COMMA = YES;
				CLANG_WARN_CONSTANT_CONVERSION = YES;
				CLANG_WARN_DEPRECATED_OBJC_IMPLEMENTATIONS = YES;
				CLANG_WARN_DIRECT_OBJC_ISA_USAGE = YES_ERROR;
				CLANG_WARN_DOCUMENTATION_COMMENTS = YES;
				CLANG_WARN_EMPTY_BODY = YES;
				CLANG_WARN_ENUM_CONVERSION = YES;
				CLANG_WARN_INFINITE_RECURSION = YES;
				CLANG_WARN_INT_CONVERSION = YES;
				CLANG_WARN_NON_LITERAL_NULL_CONVERSION = YES;
				CLANG_WARN_OBJC_IMPLICIT_RETAIN_SELF = YES;
				CLANG_WARN_OBJC_LITERAL_CONVERSION = YES;
				CLANG_WARN_OBJC_ROOT_CLASS = YES_ERROR;
				CLANG_WARN_QUOTED_INCLUDE_IN_FRAMEWORK_HEADER = YES;
				CLANG_WARN_RANGE_LOOP_ANALYSIS = YES;
				CLANG_WARN_STRICT_PROTOTYPES = YES;
				CLANG_WARN_SUSPICIOUS_MOVE = YES;
				CLANG_WARN_UNGUARDED_AVAILABILITY = YES_AGGRESSIVE;
				CLANG_WARN_UNREACHABLE_CODE = YES;
				CLANG_WARN__DUPLICATE_METHOD_MATCH = YES;
				COPY_PHASE_STRIP = NO;
				DEBUG_INFORMATION_FORMAT = dwarf;
				ENABLE_STRICT_OBJC_MSGSEND = YES;
				ENABLE_TESTABILITY = YES;
				ENABLE_USER_SCRIPT_SANDBOXING = YES;
				GCC_C_LANGUAGE_STANDARD = gnu17;
				GCC_DYNAMIC_NO_PIC = NO;
				GCC_NO_COMMON_BLOCKS = YES;
				GCC_OPTIMIZATION_LEVEL = 0;
				GCC_PREPROCESSOR_DEFINITIONS = (
					"DEBUG=1",
					"$(inherited)",
				);
				GCC_WARN_64_TO_32_BIT_CONVERSION = YES;
				GCC_WARN_ABOUT_RETURN_TYPE = YES_ERROR;
				GCC_WARN_UNDECLARED_SELECTOR = YES;
				GCC_WARN_UNINITIALIZED_AUTOS = YES_AGGRESSIVE;
				GCC_WARN_UNUSED_FUNCTION = YES;
				GCC_WARN_UNUSED_VARIABLE = YES;
				IPHONEOS_DEPLOYMENT_TARGET = 18.1;
				LOCALIZATION_PREFERS_STRING_CATALOGS = YES;
				MTL_ENABLE_DEBUG_INFO = INCLUDE_SOURCE;
				MTL_FAST_MATH = YES;
				ONLY_ACTIVE_ARCH = YES;
				SDKROOT = iphoneos;
				SWIFT_ACTIVE_COMPILATION_CONDITIONS = "DEBUG $(inherited)";
				SWIFT_EMIT_LOC_STRINGS = YES;
				SWIFT_OPTIMIZATION_LEVEL = "-Onone";
			};
			name = Debug;
		};
		840EE75B2E8A91960004D495 /* Release */ = {
			isa = XCBuildConfiguration;
			buildSettings = {
				ALWAYS_SEARCH_USER_PATHS = NO;
				ASSETCATALOG_COMPILER_GENERATE_SWIFT_ASSET_SYMBOL_EXTENSIONS = YES;
				CLANG_ANALYZER_NONNULL = YES;
				CLANG_ANALYZER_NUMBER_OBJECT_CONVERSION = YES_AGGRESSIVE;
				CLANG_CXX_LANGUAGE_STANDARD = "gnu++20";
				CLANG_ENABLE_MODULES = YES;
				CLANG_ENABLE_OBJC_ARC = YES;
				CLANG_ENABLE_OBJC_WEAK = YES;
				CLANG_WARN_BLOCK_CAPTURE_AUTORELEASING = YES;
				CLANG_WARN_BOOL_CONVERSION = YES;
				CLANG_WARN_COMMA = YES;
				CLANG_WARN_CONSTANT_CONVERSION = YES;
				CLANG_WARN_DEPRECATED_OBJC_IMPLEMENTATIONS = YES;
				CLANG_WARN_DIRECT_OBJC_ISA_USAGE = YES_ERROR;
				CLANG_WARN_DOCUMENTATION_COMMENTS = YES;
				CLANG_WARN_EMPTY_BODY = YES;
				CLANG_WARN_ENUM_CONVERSION = YES;
				CLANG_WARN_INFINITE_RECURSION = YES;
				CLANG_WARN_INT_CONVERSION = YES;
				CLANG_WARN_NON_LITERAL_NULL_CONVERSION = YES;
				CLANG_WARN_OBJC_IMPLICIT_RETAIN_SELF = YES;
				CLANG_WARN_OBJC_LITERAL_CONVERSION = YES;
				CLANG_WARN_OBJC_ROOT_CLASS = YES_ERROR;
				CLANG_WARN_QUOTED_INCLUDE_IN_FRAMEWORK_HEADER = YES;
				CLANG_WARN_RANGE_LOOP_ANALYSIS = YES;
				CLANG_WARN_STRICT_PROTOTYPES = YES;
				CLANG_WARN_SUSPICIOUS_MOVE = YES;
				CLANG_WARN_UNGUARDED_AVAILABILITY = YES_AGGRESSIVE;
				CLANG_WARN_UNREACHABLE_CODE = YES;
				CLANG_WARN__DUPLICATE_METHOD_MATCH = YES;
				COPY_PHASE_STRIP = NO;
				DEBUG_INFORMATION_FORMAT = "dwarf-with-dsym";
				ENABLE_NS_ASSERTIONS = NO;
				ENABLE_STRICT_OBJC_MSGSEND = YES;
				ENABLE_USER_SCRIPT_SANDBOXING = YES;
				GCC_C_LANGUAGE_STANDARD = gnu17;
				GCC_NO_COMMON_BLOCKS = YES;
				GCC_WARN_64_TO_32_BIT_CONVERSION = YES;
				GCC_WARN_ABOUT_RETURN_TYPE = YES_ERROR;
				GCC_WARN_UNDECLARED_SELECTOR = YES;
				GCC_WARN_UNINITIALIZED_AUTOS = YES_AGGRESSIVE;
				GCC_WARN_UNUSED_FUNCTION = YES;
				GCC_WARN_UNUSED_VARIABLE = YES;
				IPHONEOS_DEPLOYMENT_TARGET = 18.1;
				LOCALIZATION_PREFERS_STRING_CATALOGS = YES;
				MTL_ENABLE_DEBUG_INFO = NO;
				MTL_FAST_MATH = YES;
				SDKROOT = iphoneos;
				SWIFT_COMPILATION_MODE = wholemodule;
				SWIFT_EMIT_LOC_STRINGS = YES;
				VALIDATE_PRODUCT = YES;
			};
			name = Release;
		};
		840EE75D2E8A91960004D495 /* Debug */ = {
			isa = XCBuildConfiguration;
			buildSettings = {
				ASSETCATALOG_COMPILER_APPICON_NAME = AppIcon;
				ASSETCATALOG_COMPILER_GLOBAL_ACCENT_COLOR_NAME = AccentColor;
				CODE_SIGN_STYLE = Automatic;
				CURRENT_PROJECT_VERSION = 1;
				DEVELOPMENT_ASSET_PATHS = "\"PushLearn/Preview Content\"";
				DEVELOPMENT_TEAM = Q3ZBJKTDC2;
				ENABLE_PREVIEWS = YES;
				GENERATE_INFOPLIST_FILE = YES;
				INFOPLIST_KEY_LSApplicationCategoryType = "public.app-category.education";
				INFOPLIST_KEY_UIApplicationSceneManifest_Generation = YES;
				INFOPLIST_KEY_UIApplicationSupportsIndirectInputEvents = YES;
				INFOPLIST_KEY_UILaunchScreen_Generation = YES;
				INFOPLIST_KEY_UISupportedInterfaceOrientations = UIInterfaceOrientationPortrait;
				INFOPLIST_KEY_UISupportedInterfaceOrientations_iPad = "UIInterfaceOrientationLandscapeLeft UIInterfaceOrientationLandscapeRight UIInterfaceOrientationPortrait UIInterfaceOrientationPortraitUpsideDown";
				IPHONEOS_DEPLOYMENT_TARGET = 18.0;
				LD_RUNPATH_SEARCH_PATHS = (
					"$(inherited)",
					"@executable_path/Frameworks",
				);
				MARKETING_VERSION = 1.0;
				PRODUCT_BUNDLE_IDENTIFIER = com.mxtp.PushLearn;
				PRODUCT_NAME = "$(TARGET_NAME)";
				SUPPORTED_PLATFORMS = "iphoneos iphonesimulator";
				SUPPORTS_MACCATALYST = NO;
				SUPPORTS_MAC_DESIGNED_FOR_IPHONE_IPAD = NO;
				SUPPORTS_XR_DESIGNED_FOR_IPHONE_IPAD = NO;
				SWIFT_EMIT_LOC_STRINGS = YES;
				SWIFT_VERSION = 5.0;
				TARGETED_DEVICE_FAMILY = 1;
			};
			name = Debug;
		};
		840EE75E2E8A91960004D495 /* Release */ = {
			isa = XCBuildConfiguration;
			buildSettings = {
				ASSETCATALOG_COMPILER_APPICON_NAME = AppIcon;
				ASSETCATALOG_COMPILER_GLOBAL_ACCENT_COLOR_NAME = AccentColor;
				CODE_SIGN_STYLE = Automatic;
				CURRENT_PROJECT_VERSION = 1;
				DEVELOPMENT_ASSET_PATHS = "\"PushLearn/Preview Content\"";
				DEVELOPMENT_TEAM = Q3ZBJKTDC2;
				ENABLE_PREVIEWS = YES;
				GENERATE_INFOPLIST_FILE = YES;
				INFOPLIST_KEY_LSApplicationCategoryType = "public.app-category.education";
				INFOPLIST_KEY_UIApplicationSceneManifest_Generation = YES;
				INFOPLIST_KEY_UIApplicationSupportsIndirectInputEvents = YES;
				INFOPLIST_KEY_UILaunchScreen_Generation = YES;
				INFOPLIST_KEY_UISupportedInterfaceOrientations = UIInterfaceOrientationPortrait;
				INFOPLIST_KEY_UISupportedInterfaceOrientations_iPad = "UIInterfaceOrientationLandscapeLeft UIInterfaceOrientationLandscapeRight UIInterfaceOrientationPortrait UIInterfaceOrientationPortraitUpsideDown";
				IPHONEOS_DEPLOYMENT_TARGET = 18.0;
				LD_RUNPATH_SEARCH_PATHS = (
					"$(inherited)",
					"@executable_path/Frameworks",
				);
				MARKETING_VERSION = 1.0;
				PRODUCT_BUNDLE_IDENTIFIER = com.mxtp.PushLearn;
				PRODUCT_NAME = "$(TARGET_NAME)";
				SUPPORTED_PLATFORMS = "iphoneos iphonesimulator";
				SUPPORTS_MACCATALYST = NO;
				SUPPORTS_MAC_DESIGNED_FOR_IPHONE_IPAD = NO;
				SUPPORTS_XR_DESIGNED_FOR_IPHONE_IPAD = NO;
				SWIFT_EMIT_LOC_STRINGS = YES;
				SWIFT_VERSION = 5.0;
				TARGETED_DEVICE_FAMILY = 1;
			};
			name = Release;
		};
		843CCE952F600C8A00DBCA54 /* Debug */ = {
			isa = XCBuildConfiguration;
			buildSettings = {
				BUNDLE_LOADER = "$(TEST_HOST)";
				CLANG_ENABLE_MODULES = YES;
				CODE_SIGN_STYLE = Automatic;
				CURRENT_PROJECT_VERSION = 1;
				DEVELOPMENT_TEAM = Q3ZBJKTDC2;
				GENERATE_INFOPLIST_FILE = YES;
				IPHONEOS_DEPLOYMENT_TARGET = 18.0;
				MARKETING_VERSION = 1.0;
				PRODUCT_BUNDLE_IDENTIFIER = com.example.PushLearnTests;
				PRODUCT_NAME = "$(TARGET_NAME)";
				SUPPORTED_PLATFORMS = "iphoneos iphonesimulator";
				SUPPORTS_MACCATALYST = NO;
				SUPPORTS_MAC_DESIGNED_FOR_IPHONE_IPAD = NO;
				SUPPORTS_XR_DESIGNED_FOR_IPHONE_IPAD = NO;
				SWIFT_EMIT_LOC_STRINGS = NO;
				SWIFT_OPTIMIZATION_LEVEL = "-Onone";
				SWIFT_VERSION = 5.0;
				TARGETED_DEVICE_FAMILY = 1;
				TEST_HOST = "$(BUILT_PRODUCTS_DIR)/PushLearn.app/$(BUNDLE_EXECUTABLE_FOLDER_PATH)/PushLearn";
			};
			name = Debug;
		};
		843CCE962F600C8A00DBCA54 /* Release */ = {
			isa = XCBuildConfiguration;
			buildSettings = {
				BUNDLE_LOADER = "$(TEST_HOST)";
				CLANG_ENABLE_MODULES = YES;
				CODE_SIGN_STYLE = Automatic;
				CURRENT_PROJECT_VERSION = 1;
				DEVELOPMENT_TEAM = Q3ZBJKTDC2;
				GENERATE_INFOPLIST_FILE = YES;
				IPHONEOS_DEPLOYMENT_TARGET = 18.0;
				MARKETING_VERSION = 1.0;
				PRODUCT_BUNDLE_IDENTIFIER = com.example.PushLearnTests;
				PRODUCT_NAME = "$(TARGET_NAME)";
				SUPPORTED_PLATFORMS = "iphoneos iphonesimulator";
				SUPPORTS_MACCATALYST = NO;
				SUPPORTS_MAC_DESIGNED_FOR_IPHONE_IPAD = NO;
				SUPPORTS_XR_DESIGNED_FOR_IPHONE_IPAD = NO;
				SWIFT_EMIT_LOC_STRINGS = NO;
				SWIFT_VERSION = 5.0;
				TARGETED_DEVICE_FAMILY = 1;
				TEST_HOST = "$(BUILT_PRODUCTS_DIR)/PushLearn.app/$(BUNDLE_EXECUTABLE_FOLDER_PATH)/PushLearn";
			};
			name = Release;
		};
/* End XCBuildConfiguration section */

/* Begin XCConfigurationList section */
		840EE7332E8A91940004D495 /* Build configuration list for PBXProject "PushLearn" */ = {
			isa = XCConfigurationList;
			buildConfigurations = (
				840EE75A2E8A91960004D495 /* Debug */,
				840EE75B2E8A91960004D495 /* Release */,
			);
			defaultConfigurationIsVisible = 0;
			defaultConfigurationName = Release;
		};
		840EE75C2E8A91960004D495 /* Build configuration list for PBXNativeTarget "PushLearn" */ = {
			isa = XCConfigurationList;
			buildConfigurations = (
				840EE75D2E8A91960004D495 /* Debug */,
				840EE75E2E8A91960004D495 /* Release */,
			);
			defaultConfigurationIsVisible = 0;
			defaultConfigurationName = Release;
		};
		843CCE942F600C8A00DBCA54 /* Build configuration list for PBXNativeTarget "PushLearnTests" */ = {
			isa = XCConfigurationList;
			buildConfigurations = (
				843CCE952F600C8A00DBCA54 /* Debug */,
				843CCE962F600C8A00DBCA54 /* Release */,
			);
			defaultConfigurationIsVisible = 0;
			defaultConfigurationName = Release;
		};
/* End XCConfigurationList section */

/* Begin XCRemoteSwiftPackageReference section */
		846AD63B2EC3833D002652C6 /* XCRemoteSwiftPackageReference "firebase-ios-sdk" */ = {
			isa = XCRemoteSwiftPackageReference;
			repositoryURL = "https://github.com/firebase/firebase-ios-sdk";
			requirement = {
				kind = upToNextMajorVersion;
				minimumVersion = 12.5.0;
			};
		};
/* End XCRemoteSwiftPackageReference section */

/* Begin XCSwiftPackageProductDependency section */
		846AD63C2EC3833D002652C6 /* FirebaseAuth */ = {
			isa = XCSwiftPackageProductDependency;
			package = 846AD63B2EC3833D002652C6 /* XCRemoteSwiftPackageReference "firebase-ios-sdk" */;
			productName = FirebaseAuth;
		};
		846AD63E2EC3833D002652C6 /* FirebaseCore */ = {
			isa = XCSwiftPackageProductDependency;
			package = 846AD63B2EC3833D002652C6 /* XCRemoteSwiftPackageReference "firebase-ios-sdk" */;
			productName = FirebaseCore;
		};
		846AD6402EC3833D002652C6 /* FirebaseDatabase */ = {
			isa = XCSwiftPackageProductDependency;
			package = 846AD63B2EC3833D002652C6 /* XCRemoteSwiftPackageReference "firebase-ios-sdk" */;
			productName = FirebaseDatabase;
		};
		846AD6422EC3833D002652C6 /* FirebaseFirestore */ = {
			isa = XCSwiftPackageProductDependency;
			package = 846AD63B2EC3833D002652C6 /* XCRemoteSwiftPackageReference "firebase-ios-sdk" */;
			productName = FirebaseFirestore;
		};
/* End XCSwiftPackageProductDependency section */
	};
	rootObject = 840EE7302E8A91940004D495 /* Project object */;
}
